// !$*UTF8*$!
{
	archiveVersion = 1;
	classes = {
	};
	objectVersion = 46;
	objects = {

/* Begin PBXBuildFile section */
		C10848DA1D8C9DEC0056716F /* mapViewController.swift in Sources */ = {isa = PBXBuildFile; fileRef = C10848D91D8C9DEC0056716F /* mapViewController.swift */; };
		C13E08931D8C694D00A4F556 /* AppDelegate.swift in Sources */ = {isa = PBXBuildFile; fileRef = C13E08921D8C694D00A4F556 /* AppDelegate.swift */; };
		C13E08951D8C694D00A4F556 /* ViewController.swift in Sources */ = {isa = PBXBuildFile; fileRef = C13E08941D8C694D00A4F556 /* ViewController.swift */; };
		C13E08981D8C694D00A4F556 /* Main.storyboard in Resources */ = {isa = PBXBuildFile; fileRef = C13E08961D8C694D00A4F556 /* Main.storyboard */; };
		C13E089B1D8C694D00A4F556 /* testProjectSwitft3wCoreData.xcdatamodeld in Sources */ = {isa = PBXBuildFile; fileRef = C13E08991D8C694D00A4F556 /* testProjectSwitft3wCoreData.xcdatamodeld */; };
		C13E089D1D8C694D00A4F556 /* Assets.xcassets in Resources */ = {isa = PBXBuildFile; fileRef = C13E089C1D8C694D00A4F556 /* Assets.xcassets */; };
		C13E08A01D8C694D00A4F556 /* LaunchScreen.storyboard in Resources */ = {isa = PBXBuildFile; fileRef = C13E089E1D8C694D00A4F556 /* LaunchScreen.storyboard */; };
		C13E08AB1D8C694D00A4F556 /* testProjectSwitft3wCoreDataTests.swift in Sources */ = {isa = PBXBuildFile; fileRef = C13E08AA1D8C694D00A4F556 /* testProjectSwitft3wCoreDataTests.swift */; };
		C13E08B61D8C694D00A4F556 /* testProjectSwitft3wCoreDataUITests.swift in Sources */ = {isa = PBXBuildFile; fileRef = C13E08B51D8C694D00A4F556 /* testProjectSwitft3wCoreDataUITests.swift */; };
/* End PBXBuildFile section */

/* Begin PBXContainerItemProxy section */
		C13E08A71D8C694D00A4F556 /* PBXContainerItemProxy */ = {
			isa = PBXContainerItemProxy;
			containerPortal = C13E08871D8C694D00A4F556 /* Project object */;
			proxyType = 1;
			remoteGlobalIDString = C13E088E1D8C694D00A4F556;
			remoteInfo = testProjectSwitft3wCoreData;
		};
		C13E08B21D8C694D00A4F556 /* PBXContainerItemProxy */ = {
			isa = PBXContainerItemProxy;
			containerPortal = C13E08871D8C694D00A4F556 /* Project object */;
			proxyType = 1;
			remoteGlobalIDString = C13E088E1D8C694D00A4F556;
			remoteInfo = testProjectSwitft3wCoreData;
		};
/* End PBXContainerItemProxy section */

/* Begin PBXFileReference section */
		C10848D91D8C9DEC0056716F /* mapViewController.swift */ = {isa = PBXFileReference; fileEncoding = 4; lastKnownFileType = sourcecode.swift; path = mapViewController.swift; sourceTree = "<group>"; };
		C13E088F1D8C694D00A4F556 /* testProjectSwitft3wCoreData.app */ = {isa = PBXFileReference; explicitFileType = wrapper.application; includeInIndex = 0; path = testProjectSwitft3wCoreData.app; sourceTree = BUILT_PRODUCTS_DIR; };
		C13E08921D8C694D00A4F556 /* AppDelegate.swift */ = {isa = PBXFileReference; lastKnownFileType = sourcecode.swift; path = AppDelegate.swift; sourceTree = "<group>"; };
		C13E08941D8C694D00A4F556 /* ViewController.swift */ = {isa = PBXFileReference; lastKnownFileType = sourcecode.swift; path = ViewController.swift; sourceTree = "<group>"; };
		C13E08971D8C694D00A4F556 /* Base */ = {isa = PBXFileReference; lastKnownFileType = file.storyboard; name = Base; path = Base.lproj/Main.storyboard; sourceTree = "<group>"; };
		C13E089A1D8C694D00A4F556 /* testProjectSwitft3wCoreData.xcdatamodel */ = {isa = PBXFileReference; lastKnownFileType = wrapper.xcdatamodel; path = testProjectSwitft3wCoreData.xcdatamodel; sourceTree = "<group>"; };
		C13E089C1D8C694D00A4F556 /* Assets.xcassets */ = {isa = PBXFileReference; lastKnownFileType = folder.assetcatalog; path = Assets.xcassets; sourceTree = "<group>"; };
		C13E089F1D8C694D00A4F556 /* Base */ = {isa = PBXFileReference; lastKnownFileType = file.storyboard; name = Base; path = Base.lproj/LaunchScreen.storyboard; sourceTree = "<group>"; };
		C13E08A11D8C694D00A4F556 /* Info.plist */ = {isa = PBXFileReference; lastKnownFileType = text.plist.xml; path = Info.plist; sourceTree = "<group>"; };
		C13E08A61D8C694D00A4F556 /* testProjectSwitft3wCoreDataTests.xctest */ = {isa = PBXFileReference; explicitFileType = wrapper.cfbundle; includeInIndex = 0; path = testProjectSwitft3wCoreDataTests.xctest; sourceTree = BUILT_PRODUCTS_DIR; };
		C13E08AA1D8C694D00A4F556 /* testProjectSwitft3wCoreDataTests.swift */ = {isa = PBXFileReference; lastKnownFileType = sourcecode.swift; path = testProjectSwitft3wCoreDataTests.swift; sourceTree = "<group>"; };
		C13E08AC1D8C694D00A4F556 /* Info.plist */ = {isa = PBXFileReference; lastKnownFileType = text.plist.xml; path = Info.plist; sourceTree = "<group>"; };
		C13E08B11D8C694D00A4F556 /* testProjectSwitft3wCoreDataUITests.xctest */ = {isa = PBXFileReference; explicitFileType = wrapper.cfbundle; includeInIndex = 0; path = testProjectSwitft3wCoreDataUITests.xctest; sourceTree = BUILT_PRODUCTS_DIR; };
		C13E08B51D8C694D00A4F556 /* testProjectSwitft3wCoreDataUITests.swift */ = {isa = PBXFileReference; lastKnownFileType = sourcecode.swift; path = testProjectSwitft3wCoreDataUITests.swift; sourceTree = "<group>"; };
		C13E08B71D8C694D00A4F556 /* Info.plist */ = {isa = PBXFileReference; lastKnownFileType = text.plist.xml; path = Info.plist; sourceTree = "<group>"; };
/* End PBXFileReference section */

/* Begin PBXFrameworksBuildPhase section */
		C13E088C1D8C694D00A4F556 /* Frameworks */ = {
			isa = PBXFrameworksBuildPhase;
			buildActionMask = 2147483647;
			files = (
			);
			runOnlyForDeploymentPostprocessing = 0;
		};
		C13E08A31D8C694D00A4F556 /* Frameworks */ = {
			isa = PBXFrameworksBuildPhase;
			buildActionMask = 2147483647;
			files = (
			);
			runOnlyForDeploymentPostprocessing = 0;
		};
		C13E08AE1D8C694D00A4F556 /* Frameworks */ = {
			isa = PBXFrameworksBuildPhase;
			buildActionMask = 2147483647;
			files = (
			);
			runOnlyForDeploymentPostprocessing = 0;
		};
/* End PBXFrameworksBuildPhase section */

/* Begin PBXGroup section */
		C13E08861D8C694D00A4F556 = {
			isa = PBXGroup;
			children = (
				C13E08911D8C694D00A4F556 /* testProjectSwitft3wCoreData */,
				C13E08A91D8C694D00A4F556 /* testProjectSwitft3wCoreDataTests */,
				C13E08B41D8C694D00A4F556 /* testProjectSwitft3wCoreDataUITests */,
				C13E08901D8C694D00A4F556 /* Products */,
			);
			sourceTree = "<group>";
		};
		C13E08901D8C694D00A4F556 /* Products */ = {
			isa = PBXGroup;
			children = (
				C13E088F1D8C694D00A4F556 /* testProjectSwitft3wCoreData.app */,
				C13E08A61D8C694D00A4F556 /* testProjectSwitft3wCoreDataTests.xctest */,
				C13E08B11D8C694D00A4F556 /* testProjectSwitft3wCoreDataUITests.xctest */,
			);
			name = Products;
			sourceTree = "<group>";
		};
		C13E08911D8C694D00A4F556 /* testProjectSwitft3wCoreData */ = {
			isa = PBXGroup;
			children = (
				C13E08921D8C694D00A4F556 /* AppDelegate.swift */,
				C13E08941D8C694D00A4F556 /* ViewController.swift */,
				C13E08961D8C694D00A4F556 /* Main.storyboard */,
				C10848D91D8C9DEC0056716F /* mapViewController.swift */,
				C13E089C1D8C694D00A4F556 /* Assets.xcassets */,
				C13E089E1D8C694D00A4F556 /* LaunchScreen.storyboard */,
				C13E08A11D8C694D00A4F556 /* Info.plist */,
				C13E08991D8C694D00A4F556 /* testProjectSwitft3wCoreData.xcdatamodeld */,
			);
			path = testProjectSwitft3wCoreData;
			sourceTree = "<group>";
		};
		C13E08A91D8C694D00A4F556 /* testProjectSwitft3wCoreDataTests */ = {
			isa = PBXGroup;
			children = (
				C13E08AA1D8C694D00A4F556 /* testProjectSwitft3wCoreDataTests.swift */,
				C13E08AC1D8C694D00A4F556 /* Info.plist */,
			);
			path = testProjectSwitft3wCoreDataTests;
			sourceTree = "<group>";
		};
		C13E08B41D8C694D00A4F556 /* testProjectSwitft3wCoreDataUITests */ = {
			isa = PBXGroup;
			children = (
				C13E08B51D8C694D00A4F556 /* testProjectSwitft3wCoreDataUITests.swift */,
				C13E08B71D8C694D00A4F556 /* Info.plist */,
			);
			path = testProjectSwitft3wCoreDataUITests;
			sourceTree = "<group>";
		};
/* End PBXGroup section */

/* Begin PBXNativeTarget section */
		C13E088E1D8C694D00A4F556 /* testProjectSwitft3wCoreData */ = {
			isa = PBXNativeTarget;
			buildConfigurationList = C13E08BA1D8C694D00A4F556 /* Build configuration list for PBXNativeTarget "testProjectSwitft3wCoreData" */;
			buildPhases = (
				C13E088B1D8C694D00A4F556 /* Sources */,
				C13E088C1D8C694D00A4F556 /* Frameworks */,
				C13E088D1D8C694D00A4F556 /* Resources */,
			);
			buildRules = (
			);
			dependencies = (
			);
			name = testProjectSwitft3wCoreData;
			productName = testProjectSwitft3wCoreData;
			productReference = C13E088F1D8C694D00A4F556 /* testProjectSwitft3wCoreData.app */;
			productType = "com.apple.product-type.application";
		};
		C13E08A51D8C694D00A4F556 /* testProjectSwitft3wCoreDataTests */ = {
			isa = PBXNativeTarget;
			buildConfigurationList = C13E08BD1D8C694D00A4F556 /* Build configuration list for PBXNativeTarget "testProjectSwitft3wCoreDataTests" */;
			buildPhases = (
				C13E08A21D8C694D00A4F556 /* Sources */,
				C13E08A31D8C694D00A4F556 /* Frameworks */,
				C13E08A41D8C694D00A4F556 /* Resources */,
			);
			buildRules = (
			);
			dependencies = (
				C13E08A81D8C694D00A4F556 /* PBXTargetDependency */,
			);
			name = testProjectSwitft3wCoreDataTests;
			productName = testProjectSwitft3wCoreDataTests;
			productReference = C13E08A61D8C694D00A4F556 /* testProjectSwitft3wCoreDataTests.xctest */;
			productType = "com.apple.product-type.bundle.unit-test";
		};
		C13E08B01D8C694D00A4F556 /* testProjectSwitft3wCoreDataUITests */ = {
			isa = PBXNativeTarget;
			buildConfigurationList = C13E08C01D8C694D00A4F556 /* Build configuration list for PBXNativeTarget "testProjectSwitft3wCoreDataUITests" */;
			buildPhases = (
				C13E08AD1D8C694D00A4F556 /* Sources */,
				C13E08AE1D8C694D00A4F556 /* Frameworks */,
				C13E08AF1D8C694D00A4F556 /* Resources */,
			);
			buildRules = (
			);
			dependencies = (
				C13E08B31D8C694D00A4F556 /* PBXTargetDependency */,
			);
			name = testProjectSwitft3wCoreDataUITests;
			productName = testProjectSwitft3wCoreDataUITests;
			productReference = C13E08B11D8C694D00A4F556 /* testProjectSwitft3wCoreDataUITests.xctest */;
			productType = "com.apple.product-type.bundle.ui-testing";
		};
/* End PBXNativeTarget section */

/* Begin PBXProject section */
		C13E08871D8C694D00A4F556 /* Project object */ = {
			isa = PBXProject;
			attributes = {
				LastSwiftUpdateCheck = 0800;
				LastUpgradeCheck = 0800;
				ORGANIZATIONNAME = "Tom Eastman";
				TargetAttributes = {
					C13E088E1D8C694D00A4F556 = {
						CreatedOnToolsVersion = 8.0;
						DevelopmentTeam = 9H5UC3M2C4;
						ProvisioningStyle = Automatic;
					};
					C13E08A51D8C694D00A4F556 = {
						CreatedOnToolsVersion = 8.0;
						DevelopmentTeam = V2G3CHGAND;
						ProvisioningStyle = Automatic;
						TestTargetID = C13E088E1D8C694D00A4F556;
					};
					C13E08B01D8C694D00A4F556 = {
						CreatedOnToolsVersion = 8.0;
						DevelopmentTeam = V2G3CHGAND;
						ProvisioningStyle = Automatic;
						TestTargetID = C13E088E1D8C694D00A4F556;
					};
				};
			};
			buildConfigurationList = C13E088A1D8C694D00A4F556 /* Build configuration list for PBXProject "testProjectSwitft3wCoreData" */;
			compatibilityVersion = "Xcode 3.2";
			developmentRegion = English;
			hasScannedForEncodings = 0;
			knownRegions = (
				en,
				Base,
			);
			mainGroup = C13E08861D8C694D00A4F556;
			productRefGroup = C13E08901D8C694D00A4F556 /* Products */;
			projectDirPath = "";
			projectRoot = "";
			targets = (
				C13E088E1D8C694D00A4F556 /* testProjectSwitft3wCoreData */,
				C13E08A51D8C694D00A4F556 /* testProjectSwitft3wCoreDataTests */,
				C13E08B01D8C694D00A4F556 /* testProjectSwitft3wCoreDataUITests */,
			);
		};
/* End PBXProject section */

/* Begin PBXResourcesBuildPhase section */
		C13E088D1D8C694D00A4F556 /* Resources */ = {
			isa = PBXResourcesBuildPhase;
			buildActionMask = 2147483647;
			files = (
				C13E08A01D8C694D00A4F556 /* LaunchScreen.storyboard in Resources */,
				C13E089D1D8C694D00A4F556 /* Assets.xcassets in Resources */,
				C13E08981D8C694D00A4F556 /* Main.storyboard in Resources */,
			);
			runOnlyForDeploymentPostprocessing = 0;
		};
		C13E08A41D8C694D00A4F556 /* Resources */ = {
			isa = PBXResourcesBuildPhase;
			buildActionMask = 2147483647;
			files = (
			);
			runOnlyForDeploymentPostprocessing = 0;
		};
		C13E08AF1D8C694D00A4F556 /* Resources */ = {
			isa = PBXResourcesBuildPhase;
			buildActionMask = 2147483647;
			files = (
			);
			runOnlyForDeploymentPostprocessing = 0;
		};
/* End PBXResourcesBuildPhase section */

/* Begin PBXSourcesBuildPhase section */
		C13E088B1D8C694D00A4F556 /* Sources */ = {
			isa = PBXSourcesBuildPhase;
			buildActionMask = 2147483647;
			files = (
				C13E08951D8C694D00A4F556 /* ViewController.swift in Sources */,
				C13E089B1D8C694D00A4F556 /* testProjectSwitft3wCoreData.xcdatamodeld in Sources */,
				C13E08931D8C694D00A4F556 /* AppDelegate.swift in Sources */,
				C10848DA1D8C9DEC0056716F /* mapViewController.swift in Sources */,
			);
			runOnlyForDeploymentPostprocessing = 0;
		};
		C13E08A21D8C694D00A4F556 /* Sources */ = {
			isa = PBXSourcesBuildPhase;
			buildActionMask = 2147483647;
			files = (
				C13E08AB1D8C694D00A4F556 /* testProjectSwitft3wCoreDataTests.swift in Sources */,
			);
			runOnlyForDeploymentPostprocessing = 0;
		};
		C13E08AD1D8C694D00A4F556 /* Sources */ = {
			isa = PBXSourcesBuildPhase;
			buildActionMask = 2147483647;
			files = (
				C13E08B61D8C694D00A4F556 /* testProjectSwitft3wCoreDataUITests.swift in Sources */,
			);
			runOnlyForDeploymentPostprocessing = 0;
		};
/* End PBXSourcesBuildPhase section */

/* Begin PBXTargetDependency section */
		C13E08A81D8C694D00A4F556 /* PBXTargetDependency */ = {
			isa = PBXTargetDependency;
			target = C13E088E1D8C694D00A4F556 /* testProjectSwitft3wCoreData */;
			targetProxy = C13E08A71D8C694D00A4F556 /* PBXContainerItemProxy */;
		};
		C13E08B31D8C694D00A4F556 /* PBXTargetDependency */ = {
			isa = PBXTargetDependency;
			target = C13E088E1D8C694D00A4F556 /* testProjectSwitft3wCoreData */;
			targetProxy = C13E08B21D8C694D00A4F556 /* PBXContainerItemProxy */;
		};
/* End PBXTargetDependency section */

/* Begin PBXVariantGroup section */
		C13E08961D8C694D00A4F556 /* Main.storyboard */ = {
			isa = PBXVariantGroup;
			children = (
				C13E08971D8C694D00A4F556 /* Base */,
			);
			name = Main.storyboard;
			sourceTree = "<group>";
		};
		C13E089E1D8C694D00A4F556 /* LaunchScreen.storyboard */ = {
			isa = PBXVariantGroup;
			children = (
				C13E089F1D8C694D00A4F556 /* Base */,
			);
			name = LaunchScreen.storyboard;
			sourceTree = "<group>";
		};
/* End PBXVariantGroup section */

/* Begin XCBuildConfiguration section */
		C13E08B81D8C694D00A4F556 /* Debug */ = {
			isa = XCBuildConfiguration;
			buildSettings = {
				ALWAYS_SEARCH_USER_PATHS = NO;
				CLANG_ANALYZER_NONNULL = YES;
				CLANG_CXX_LANGUAGE_STANDARD = "gnu++0x";
				CLANG_CXX_LIBRARY = "libc++";
				CLANG_ENABLE_MODULES = YES;
				CLANG_ENABLE_OBJC_ARC = YES;
				CLANG_WARN_BOOL_CONVERSION = YES;
				CLANG_WARN_CONSTANT_CONVERSION = YES;
				CLANG_WARN_DIRECT_OBJC_ISA_USAGE = YES_ERROR;
				CLANG_WARN_DOCUMENTATION_COMMENTS = YES;
				CLANG_WARN_EMPTY_BODY = YES;
				CLANG_WARN_ENUM_CONVERSION = YES;
				CLANG_WARN_INFINITE_RECURSION = YES;
				CLANG_WARN_INT_CONVERSION = YES;
				CLANG_WARN_OBJC_ROOT_CLASS = YES_ERROR;
				CLANG_WARN_SUSPICIOUS_MOVES = YES;
				CLANG_WARN_UNREACHABLE_CODE = YES;
				CLANG_WARN__DUPLICATE_METHOD_MATCH = YES;
				"CODE_SIGN_IDENTITY[sdk=iphoneos*]" = "iPhone Developer";
				COPY_PHASE_STRIP = NO;
				DEBUG_INFORMATION_FORMAT = dwarf;
				ENABLE_STRICT_OBJC_MSGSEND = YES;
				ENABLE_TESTABILITY = YES;
				GCC_C_LANGUAGE_STANDARD = gnu99;
				GCC_DYNAMIC_NO_PIC = NO;
				GCC_NO_COMMON_BLOCKS = YES;
				GCC_OPTIMIZATION_LEVEL = 0;
				GCC_PREPROCESSOR_DEFINITIONS = (
					"DEBUG=1",
					"$(inherited)",
				);
				GCC_WARN_64_TO_32_BIT_CONVERSION = YES;
				GCC_WARN_ABOUT_RETURN_TYPE = YES_ERROR;
				GCC_WARN_UNDECLARED_SELECTOR = YES;
				GCC_WARN_UNINITIALIZED_AUTOS = YES_AGGRESSIVE;
				GCC_WARN_UNUSED_FUNCTION = YES;
				GCC_WARN_UNUSED_VARIABLE = YES;
				IPHONEOS_DEPLOYMENT_TARGET = 10.0;
				MTL_ENABLE_DEBUG_INFO = YES;
				ONLY_ACTIVE_ARCH = YES;
				SDKROOT = iphoneos;
				SWIFT_ACTIVE_COMPILATION_CONDITIONS = DEBUG;
				SWIFT_OPTIMIZATION_LEVEL = "-Onone";
				TARGETED_DEVICE_FAMILY = "1,2";
			};
			name = Debug;
		};
		C13E08B91D8C694D00A4F556 /* Release */ = {
			isa = XCBuildConfiguration;
			buildSettings = {
				ALWAYS_SEARCH_USER_PATHS = NO;
				CLANG_ANALYZER_NONNULL = YES;
				CLANG_CXX_LANGUAGE_STANDARD = "gnu++0x";
				CLANG_CXX_LIBRARY = "libc++";
				CLANG_ENABLE_MODULES = YES;
				CLANG_ENABLE_OBJC_ARC = YES;
				CLANG_WARN_BOOL_CONVERSION = YES;
				CLANG_WARN_CONSTANT_CONVERSION = YES;
				CLANG_WARN_DIRECT_OBJC_ISA_USAGE = YES_ERROR;
				CLANG_WARN_DOCUMENTATION_COMMENTS = YES;
				CLANG_WARN_EMPTY_BODY = YES;
				CLANG_WARN_ENUM_CONVERSION = YES;
				CLANG_WARN_INFINITE_RECURSION = YES;
				CLANG_WARN_INT_CONVERSION = YES;
				CLANG_WARN_OBJC_ROOT_CLASS = YES_ERROR;
				CLANG_WARN_SUSPICIOUS_MOVES = YES;
				CLANG_WARN_UNREACHABLE_CODE = YES;
				CLANG_WARN__DUPLICATE_METHOD_MATCH = YES;
				"CODE_SIGN_IDENTITY[sdk=iphoneos*]" = "iPhone Developer";
				COPY_PHASE_STRIP = NO;
				DEBUG_INFORMATION_FORMAT = "dwarf-with-dsym";
				ENABLE_NS_ASSERTIONS = NO;
				ENABLE_STRICT_OBJC_MSGSEND = YES;
				GCC_C_LANGUAGE_STANDARD = gnu99;
				GCC_NO_COMMON_BLOCKS = YES;
				GCC_WARN_64_TO_32_BIT_CONVERSION = YES;
				GCC_WARN_ABOUT_RETURN_TYPE = YES_ERROR;
				GCC_WARN_UNDECLARED_SELECTOR = YES;
				GCC_WARN_UNINITIALIZED_AUTOS = YES_AGGRESSIVE;
				GCC_WARN_UNUSED_FUNCTION = YES;
				GCC_WARN_UNUSED_VARIABLE = YES;
				IPHONEOS_DEPLOYMENT_TARGET = 10.0;
				MTL_ENABLE_DEBUG_INFO = NO;
				SDKROOT = iphoneos;
				SWIFT_OPTIMIZATION_LEVEL = "-Owholemodule";
				TARGETED_DEVICE_FAMILY = "1,2";
				VALIDATE_PRODUCT = YES;
			};
			name = Release;
		};
		C13E08BB1D8C694D00A4F556 /* Debug */ = {
			isa = XCBuildConfiguration;
			buildSettings = {
				ASSETCATALOG_COMPILER_APPICON_NAME = AppIcon;
				DEVELOPMENT_TEAM = 9H5UC3M2C4;
				INFOPLIST_FILE = testProjectSwitft3wCoreData/Info.plist;
				LD_RUNPATH_SEARCH_PATHS = "$(inherited) @executable_path/Frameworks";
				PRODUCT_BUNDLE_IDENTIFIER = com.codingdojo.testProjectSwitft3wCoreData;
				PRODUCT_NAME = "$(TARGET_NAME)";
				SWIFT_VERSION = 3.0;
			};
			name = Debug;
		};
		C13E08BC1D8C694D00A4F556 /* Release */ = {
			isa = XCBuildConfiguration;
			buildSettings = {
				ASSETCATALOG_COMPILER_APPICON_NAME = AppIcon;
				DEVELOPMENT_TEAM = 9H5UC3M2C4;
				INFOPLIST_FILE = testProjectSwitft3wCoreData/Info.plist;
				LD_RUNPATH_SEARCH_PATHS = "$(inherited) @executable_path/Frameworks";
				PRODUCT_BUNDLE_IDENTIFIER = com.codingdojo.testProjectSwitft3wCoreData;
				PRODUCT_NAME = "$(TARGET_NAME)";
				SWIFT_VERSION = 3.0;
			};
			name = Release;
		};
		C13E08BE1D8C694D00A4F556 /* Debug */ = {
			isa = XCBuildConfiguration;
			buildSettings = {
				ALWAYS_EMBED_SWIFT_STANDARD_LIBRARIES = YES;
				BUNDLE_LOADER = "$(TEST_HOST)";
				DEVELOPMENT_TEAM = V2G3CHGAND;
				INFOPLIST_FILE = testProjectSwitft3wCoreDataTests/Info.plist;
				LD_RUNPATH_SEARCH_PATHS = "$(inherited) @executable_path/Frameworks @loader_path/Frameworks";
				PRODUCT_BUNDLE_IDENTIFIER = com.codingdojo.testProjectSwitft3wCoreDataTests;
				PRODUCT_NAME = "$(TARGET_NAME)";
				SWIFT_VERSION = 3.0;
				TEST_HOST = "$(BUILT_PRODUCTS_DIR)/testProjectSwitft3wCoreData.app/testProjectSwitft3wCoreData";
			};
			name = Debug;
		};
		C13E08BF1D8C694D00A4F556 /* Release */ = {
			isa = XCBuildConfiguration;
			buildSettings = {
				ALWAYS_EMBED_SWIFT_STANDARD_LIBRARIES = YES;
				BUNDLE_LOADER = "$(TEST_HOST)";
				DEVELOPMENT_TEAM = V2G3CHGAND;
				INFOPLIST_FILE = testProjectSwitft3wCoreDataTests/Info.plist;
				LD_RUNPATH_SEARCH_PATHS = "$(inherited) @executable_path/Frameworks @loader_path/Frameworks";
				PRODUCT_BUNDLE_IDENTIFIER = com.codingdojo.testProjectSwitft3wCoreDataTests;
				PRODUCT_NAME = "$(TARGET_NAME)";
				SWIFT_VERSION = 3.0;
				TEST_HOST = "$(BUILT_PRODUCTS_DIR)/testProjectSwitft3wCoreData.app/testProjectSwitft3wCoreData";
			};
			name = Release;
		};
		C13E08C11D8C694D00A4F556 /* Debug */ = {
			isa = XCBuildConfiguration;
			buildSettings = {
				ALWAYS_EMBED_SWIFT_STANDARD_LIBRARIES = YES;
				DEVELOPMENT_TEAM = V2G3CHGAND;
				INFOPLIST_FILE = testProjectSwitft3wCoreDataUITests/Info.plist;
				LD_RUNPATH_SEARCH_PATHS = "$(inherited) @executable_path/Frameworks @loader_path/Frameworks";
				PRODUCT_BUNDLE_IDENTIFIER = com.codingdojo.testProjectSwitft3wCoreDataUITests;
				PRODUCT_NAME = "$(TARGET_NAME)";
				SWIFT_VERSION = 3.0;
				TEST_TARGET_NAME = testProjectSwitft3wCoreData;
			};
			name = Debug;
		};
		C13E08C21D8C694D00A4F556 /* Release */ = {
			isa = XCBuildConfiguration;
			buildSettings = {
				ALWAYS_EMBED_SWIFT_STANDARD_LIBRARIES = YES;
				DEVELOPMENT_TEAM = V2G3CHGAND;
				INFOPLIST_FILE = testProjectSwitft3wCoreDataUITests/Info.plist;
				LD_RUNPATH_SEARCH_PATHS = "$(inherited) @executable_path/Frameworks @loader_path/Frameworks";
				PRODUCT_BUNDLE_IDENTIFIER = com.codingdojo.testProjectSwitft3wCoreDataUITests;
				PRODUCT_NAME = "$(TARGET_NAME)";
				SWIFT_VERSION = 3.0;
				TEST_TARGET_NAME = testProjectSwitft3wCoreData;
			};
			name = Release;
		};
/* End XCBuildConfiguration section */

/* Begin XCConfigurationList section */
		C13E088A1D8C694D00A4F556 /* Build configuration list for PBXProject "testProjectSwitft3wCoreData" */ = {
			isa = XCConfigurationList;
			buildConfigurations = (
				C13E08B81D8C694D00A4F556 /* Debug */,
				C13E08B91D8C694D00A4F556 /* Release */,
			);
			defaultConfigurationIsVisible = 0;
			defaultConfigurationName = Release;
		};
		C13E08BA1D8C694D00A4F556 /* Build configuration list for PBXNativeTarget "testProjectSwitft3wCoreData" */ = {
			isa = XCConfigurationList;
			buildConfigurations = (
				C13E08BB1D8C694D00A4F556 /* Debug */,
				C13E08BC1D8C694D00A4F556 /* Release */,
			);
			defaultConfigurationIsVisible = 0;
			defaultConfigurationName = Release;
		};
		C13E08BD1D8C694D00A4F556 /* Build configuration list for PBXNativeTarget "testProjectSwitft3wCoreDataTests" */ = {
			isa = XCConfigurationList;
			buildConfigurations = (
				C13E08BE1D8C694D00A4F556 /* Debug */,
				C13E08BF1D8C694D00A4F556 /* Release */,
			);
			defaultConfigurationIsVisible = 0;
			defaultConfigurationName = Release;
		};
		C13E08C01D8C694D00A4F556 /* Build configuration list for PBXNativeTarget "testProjectSwitft3wCoreDataUITests" */ = {
			isa = XCConfigurationList;
			buildConfigurations = (
				C13E08C11D8C694D00A4F556 /* Debug */,
				C13E08C21D8C694D00A4F556 /* Release */,
			);
			defaultConfigurationIsVisible = 0;
			defaultConfigurationName = Release;
		};
/* End XCConfigurationList section */

/* Begin XCVersionGroup section */
		C13E08991D8C694D00A4F556 /* testProjectSwitft3wCoreData.xcdatamodeld */ = {
			isa = XCVersionGroup;
			children = (
				C13E089A1D8C694D00A4F556 /* testProjectSwitft3wCoreData.xcdatamodel */,
			);
			currentVersion = C13E089A1D8C694D00A4F556 /* testProjectSwitft3wCoreData.xcdatamodel */;
			path = testProjectSwitft3wCoreData.xcdatamodeld;
			sourceTree = "<group>";
			versionGroupType = wrapper.xcdatamodel;
		};
/* End XCVersionGroup section */
	};
	rootObject = C13E08871D8C694D00A4F556 /* Project object */;
}
